version = 1
revision = 3
requires-python = ">=3.13, <4"

[manifest]
constraints = [
    { name = "pygments", specifier = ">=2.20.0" },
    { name = "urllib3", specifier = ">=2.6.3" },
]

[[package]]
name = "attrs"
version = "25.4.0"
source = { registry = "https://pypi.org/simple" }
sdist = { url = "https://files.pythonhosted.org/packages/6b/5c/685e6633917e101e5dcb62b9dd76946cbb57c26e133bae9e0cd36033c0a9/attrs-25.4.0.tar.gz", hash = "sha256:16d5969b87f0859ef33a48b35d55ac1be6e42ae49d5e853b597db70c35c57e11", size = 934251, upload-time = "2025-10-06T13:54:44.725Z" }
wheels = [
    { url = "https://files.pythonhosted.org/packages/3a/2a/7cc015f5b9f5db42b7d48157e23356022889fc354a2813c15934b7cb5c0e/attrs-25.4.0-py3-none-any.whl", hash = "sha256:adcf7e2a1fb3b36ac48d97835bb6d8ade15b8dcce26aba8bf1d14847b57a3373", size = 67615, upload-time = "2025-10-06T13:54:43.17Z" },
]

[[package]]
name = "autopep8"
version = "2.3.2"
source = { registry = "https://pypi.org/simple" }
dependencies = [
    { name = "pycodestyle" },
]
sdist = { url = "https://files.pythonhosted.org/packages/50/d8/30873d2b7b57dee9263e53d142da044c4600a46f2d28374b3e38b023df16/autopep8-2.3.2.tar.gz", hash = "sha256:89440a4f969197b69a995e4ce0661b031f455a9f776d2c5ba3dbd83466931758", size = 92210, upload-time = "2025-01-14T14:46:18.454Z" }
wheels = [
    { url = "https://files.pythonhosted.org/packages/9e/43/53afb8ba17218f19b77c7834128566c5bbb100a0ad9ba2e8e89d089d7079/autopep8-2.3.2-py2.py3-none-any.whl", hash = "sha256:ce8ad498672c845a0c3de2629c15b635ec2b05ef8177a6e7c91c74f3e9b51128", size = 45807, upload-time = "2025-01-14T14:46:15.466Z" },
]

[[package]]
name = "aws-cdk-asset-awscli-v1"
version = "2.2.242"
source = { registry = "https://pypi.org/simple" }
dependencies = [
    { name = "jsii" },
    { name = "publication" },
    { name = "typeguard" },
]
sdist = { url = "https://files.pythonhosted.org/packages/84/66/095e92652c175a9c18c98bc358db2c5957897245053fb5d0988c908be355/aws_cdk_asset_awscli_v1-2.2.242.tar.gz", hash = "sha256:a957d679a118f4375307ed90b9aed7127c5c1402989438060eae4ab29ab0d13f", size = 19284036, upload-time = "2025-06-23T17:42:03.275Z" }
wheels = [
    { url = "https://files.pythonhosted.org/packages/7a/ca/0415b7387c776c0a82a153fe75573e78cbbf1a71d4475636393f5ecfc649/aws_cdk_asset_awscli_v1-2.2.242-py3-none-any.whl", hash = "sha256:d1001bf56a12f7d1162d4211003d1e8f72a213159465e2d0e1c598cc0ea44aad", size = 19282441, upload-time = "2025-06-23T17:42:00.381Z" },
]

[[package]]
name = "aws-cdk-asset-node-proxy-agent-v6"
version = "2.1.0"
source = { registry = "https://pypi.org/simple" }
dependencies = [
    { name = "jsii" },
    { name = "publication" },
    { name = "typeguard" },
]
sdist = { url = "https://files.pythonhosted.org/packages/d5/ab/09ac3ecc0067988d02398328e088d66cbe8555c991563c8ddfa1db5296ae/aws_cdk_asset_node_proxy_agent_v6-2.1.0.tar.gz", hash = "sha256:1f292c0631f86708ba4ee328b3a2b229f7e46ea1c79fbde567ee9eb119c2b0e2", size = 1540231, upload-time = "2024-09-03T09:36:51.634Z" }
wheels = [
    { url = "https://files.pythonhosted.org/packages/8d/86/1817a6da223aa80aeb94a504f07f930170284694b18f6053729e9930cc6a/aws_cdk.asset_node_proxy_agent_v6-2.1.0-py3-none-any.whl", hash = "sha256:24a388b69a44d03bae6dbf864c4e25ba650d4b61c008b4568b94ffbb9a69e40e", size = 1538724, upload-time = "2024-09-03T09:36:49.8Z" },
]

[[package]]
name = "aws-cdk-aws-bedrock-agentcore-alpha"
version = "2.233.0a0"
source = { registry = "https://pypi.org/simple" }
dependencies = [
    { name = "aws-cdk-aws-bedrock-alpha" },
    { name = "aws-cdk-lib" },
    { name = "constructs" },
    { name = "jsii" },
    { name = "publication" },
    { name = "typeguard" },
]
sdist = { url = "https://files.pythonhosted.org/packages/c4/d1/aa6239b4e36808563ed2ca263c5031659e2a8d8f79728da8bbdbfb037bc4/aws_cdk_aws_bedrock_agentcore_alpha-2.233.0a0.tar.gz", hash = "sha256:1f58216ddcb7f31041b043f4091a4cdc21cff32e0222294c179be522bfc53adf", size = 739375, upload-time = "2025-12-18T20:42:13.933Z" }
wheels = [
    { url = "https://files.pythonhosted.org/packages/0b/d5/b50d07b2359a37e72c55df0479a8845095b120cb424ee83622bc92c0c517/aws_cdk_aws_bedrock_agentcore_alpha-2.233.0a0-py3-none-any.whl", hash = "sha256:846988d50337946793583e62a5ee6897fd257cb647a4798bc2fe041d068093e5", size = 695983, upload-time = "2025-12-18T20:41:18.351Z" },
]

[[package]]
name = "aws-cdk-aws-bedrock-alpha"
version = "2.233.0a0"
source = { registry = "https://pypi.org/simple" }
dependencies = [
    { name = "aws-cdk-lib" },
    { name = "constructs" },
    { name = "jsii" },
    { name = "publication" },
    { name = "typeguard" },
]
sdist = { url = "https://files.pythonhosted.org/packages/11/ab/5020a60f4b082975103883ea7625de49eab7d9fac85aa4c4db2a2d8e177a/aws_cdk_aws_bedrock_alpha-2.233.0a0.tar.gz", hash = "sha256:4e86266810c4efe10aa4ff610a740983e64f76afb0c42aab3719642a301914f4", size = 643095, upload-time = "2025-12-18T20:42:15.138Z" }
wheels = [
    { url = "https://files.pythonhosted.org/packages/99/d0/cb7652db56eeb0d7d637ba2af00411aa29a552a9e40503972bb2d78d54d5/aws_cdk_aws_bedrock_alpha-2.233.0a0-py3-none-any.whl", hash = "sha256:d2a4bbb4c07f2654afff11426cf18e74429b1c35faa536cb5ca8344a91bf1b96", size = 612423, upload-time = "2025-12-18T20:41:19.593Z" },
]

[[package]]
name = "aws-cdk-aws-lambda-python-alpha"
version = "2.233.0a0"
source = { registry = "https://pypi.org/simple" }
dependencies = [
    { name = "aws-cdk-lib" },
    { name = "constructs" },
    { name = "jsii" },
    { name = "publication" },
    { name = "typeguard" },
]
sdist = { url = "https://files.pythonhosted.org/packages/71/88/b263f93981c3b352ea31c7b0607731fab75d4dc70fe977bd849ce7b15b98/aws_cdk_aws_lambda_python_alpha-2.233.0a0.tar.gz", hash = "sha256:d47387207cc5c915fcec626a2d7414b77565c2737b5667713350cc013cc412ae", size = 97911, upload-time = "2025-12-18T20:42:30.398Z" }
wheels = [
    { url = "https://files.pythonhosted.org/packages/f0/0d/a044fb5a9d312178cd7b09a6d363e30626e78af36a5457a4850877402f29/aws_cdk_aws_lambda_python_alpha-2.233.0a0-py3-none-any.whl", hash = "sha256:f0661486e0b6cb896928cea6fdbf019422e74f5b4766801d46b5aaba87c6ef02", size = 96398, upload-time = "2025-12-18T20:41:40.272Z" },
]

[[package]]
name = "aws-cdk-cloud-assembly-schema"
version = "48.20.0"
source = { registry = "https://pypi.org/simple" }
dependencies = [
    { name = "jsii" },
    { name = "publication" },
    { name = "typeguard" },
]
sdist = { url = "https://files.pythonhosted.org/packages/a7/b5/1ce2f6bff913ca8c94a001b84290ec4ce3729f54a3af0e3ff0edb303ac20/aws_cdk_cloud_assembly_schema-48.20.0.tar.gz", hash = "sha256:229aa136c26b71b0a82b5a32658eabcd30e344f7e136315fdb6e3de8ef523bfa", size = 208109, upload-time = "2025-11-19T12:19:48.206Z" }
wheels = [
    { url = "https://files.pythonhosted.org/packages/13/08/17a35f0b668451484f2254f5e50a0105958bffe90da11c41b7629972e6a9/aws_cdk_cloud_assembly_schema-48.20.0-py3-none-any.whl", hash = "sha256:f5b6cf661cac8690add9461de13aeae3f3742eec71c066032bd045b08d0b7c3e", size = 207669, upload-time = "2025-11-19T12:19:46.614Z" },
]

[[package]]
name = "aws-cdk-lib"
version = "2.233.0"
source = { registry = "https://pypi.org/simple" }
dependencies = [
    { name = "aws-cdk-asset-awscli-v1" },
    { name = "aws-cdk-asset-node-proxy-agent-v6" },
    { name = "aws-cdk-cloud-assembly-schema" },
    { name = "constructs" },
    { name = "jsii" },
    { name = "publication" },
    { name = "typeguard" },
]
sdist = { url = "https://files.pythonhosted.org/packages/ff/62/c58d0dd15bff4e4fea576532a315fd53ef24cc42117f1844c397b66358f2/aws_cdk_lib-2.233.0.tar.gz", hash = "sha256:a5d3e5b5710fda435e3466106301ecaab02c5ca376301126fda280bfe5063938", size = 46837531, upload-time = "2025-12-18T20:42:45.006Z" }
wheels = [
    { url = "https://files.pythonhosted.org/packages/66/2c/5c995ead67d8644badc60bd6afffc05a8d70456ee11fc2fc872b7f162b0d/aws_cdk_lib-2.233.0-py3-none-any.whl", hash = "sha256:b0d134fac0d661d0d2a0acad2cd71c2cc3cb35cc46a60360115dd5c987910835", size = 47480937, upload-time = "2025-12-18T20:42:02.613Z" },
]

[[package]]
name = "backend-cdk"
version = "1.0.0"
source = { editable = "." }
dependencies = [
    { name = "aws-cdk-aws-bedrock-agentcore-alpha" },
    { name = "aws-cdk-aws-lambda-python-alpha" },
    { name = "aws-cdk-lib" },
    { name = "boto3" },
    { name = "cdk-nag" },
    { name = "cdklabs-generative-ai-cdk-constructs" },
    { name = "constructs" },
]

[package.dev-dependencies]
dev = [
    { name = "autopep8" },
    { name = "boto3-stubs-lite", extra = ["cloudformation", "iam", "lambda", "s3"] },
    { name = "pytest" },
    { name = "pytest-sugar" },
    { name = "python-dotenv" },
    { name = "ruff" },
]

[package.metadata]
requires-dist = [
    { name = "aws-cdk-aws-bedrock-agentcore-alpha", specifier = ">=2.233.0a0" },
    { name = "aws-cdk-aws-lambda-python-alpha", specifier = ">=2.233.0a0" },
    { name = "aws-cdk-lib", specifier = ">=2.233.0" },
    { name = "boto3", specifier = ">=1.40.2" },
    { name = "cdk-nag", specifier = ">=2.35.81" },
    { name = "cdklabs-generative-ai-cdk-constructs", specifier = ">=0.1.309" },
    { name = "constructs", specifier = ">=10.0.0,<11.0.0" },
]

[package.metadata.requires-dev]
dev = [
    { name = "autopep8", specifier = ">=2.3.1" },
    { name = "boto3-stubs-lite", extras = ["cloudformation", "s3", "lambda", "iam"], specifier = ">=1.37.31" },
    { name = "pytest", specifier = ">=8.3.5" },
    { name = "pytest-sugar", specifier = ">=1.0.0" },
    { name = "python-dotenv", specifier = ">=1.1.0" },
    { name = "ruff", specifier = ">=0.8.2" },
]

[[package]]
name = "boto3"
version = "1.42.15"
source = { registry = "https://pypi.org/simple" }
dependencies = [
    { name = "botocore" },
    { name = "jmespath" },
    { name = "s3transfer" },
]
sdist = { url = "https://files.pythonhosted.org/packages/a0/82/66f1cd7ce283ab717c96700899e9d128927abda236bd96019747f45ad53d/boto3-1.42.15.tar.gz", hash = "sha256:d673c9b6bb9e293e028e354de6701351f1881e3fbeb25d739dd33c4940a30929", size = 112774, upload-time = "2025-12-22T20:34:10.621Z" }
wheels = [
    { url = "https://files.pythonhosted.org/packages/c9/28/1cc2a2bade62ea6e3455e0572097758a3e4b38f017181ee7910023145ed8/boto3-1.42.15-py3-none-any.whl", hash = "sha256:94aabb83e3be3e2ea5ffa530cd5e221e8f4eb65f8d126d097e03d1ab80e5c5ce", size = 140572, upload-time = "2025-12-22T20:34:09.116Z" },
]

[[package]]
name = "boto3-stubs-lite"
version = "1.42.15"
source = { registry = "https://pypi.org/simple" }
dependencies = [
    { name = "botocore-stubs" },
    { name = "types-s3transfer" },
]
sdist = { url = "https://files.pythonhosted.org/packages/c0/33/ea3e37a5f56ef96d069d7f222c46573d15640327d2fae672bfbb451111fd/boto3_stubs_lite-1.42.15.tar.gz", hash = "sha256:bf4d91688488a15e2c35446b7c52765b1504e5412f893abc716ca8fdd5c21d28", size = 72759, upload-time = "2025-12-22T20:41:26.798Z" }
wheels = [
    { url = "https://files.pythonhosted.org/packages/19/20/f1cd700c0ee1c763916a3594d848b6730b13babf4760f17a2b54070046f3/boto3_stubs_lite-1.42.15-py3-none-any.whl", hash = "sha256:6420a352f6f9f50cc702d297dba786d9a09f72b69aa23a4bfcccdb75cab117c0", size = 42893, upload-time = "2025-12-22T20:41:23.383Z" },
]

[package.optional-dependencies]
cloudformation = [
    { name = "mypy-boto3-cloudformation" },
]
iam = [
    { name = "mypy-boto3-iam" },
]
lambda = [
    { name = "mypy-boto3-lambda" },
]
s3 = [
    { name = "mypy-boto3-s3" },
]

[[package]]
name = "botocore"
version = "1.42.15"
source = { registry = "https://pypi.org/simple" }
dependencies = [
    { name = "jmespath" },
    { name = "python-dateutil" },
    { name = "urllib3" },
]
sdist = { url = "https://files.pythonhosted.org/packages/be/ae/80c8689a846066156117ad76cdfca52003fb9d3f1f5de38535f4aba9bf6c/botocore-1.42.15.tar.gz", hash = "sha256:504c548aa333728c99a692908d3e6acb718983585ad7a836d2fab9604518a636", size = 14911429, upload-time = "2025-12-22T20:34:01.198Z" }
wheels = [
    { url = "https://files.pythonhosted.org/packages/8e/e9/0eb22fca88484f356f0af888b9655bd18db9173f8ab6b66600fd9e636473/botocore-1.42.15-py3-none-any.whl", hash = "sha256:888ec4a817cbc56a93d5945b458621d8a6f580694373f8e93f68984f27523913", size = 14584154, upload-time = "2025-12-22T20:33:58.491Z" },
]

[[package]]
name = "botocore-stubs"
version = "1.42.15"
source = { registry = "https://pypi.org/simple" }
dependencies = [
    { name = "types-awscrt" },
]
sdist = { url = "https://files.pythonhosted.org/packages/95/53/32cfe868269e9801d0ed020654ab0d3924b6870c720ede8956536c2b50f3/botocore_stubs-1.42.15.tar.gz", hash = "sha256:f92cec51967135b21fe3e0e36c19451f5c49a2b9043350a7a204220eba61cae6", size = 42396, upload-time = "2025-12-22T21:24:40.688Z" }
wheels = [
    { url = "https://files.pythonhosted.org/packages/7e/91/f715f23e380173e2dd6aa332ceb4ed507ae8eaa2b8aa9996c33a950fee48/botocore_stubs-1.42.15-py3-none-any.whl", hash = "sha256:4139df99bbedf6eb4347a463ff06cfd7cf20f70790662250af814aa6fd5f3132", size = 66762, upload-time = "2025-12-22T21:24:39.014Z" },
]

[[package]]
name = "cattrs"
version = "25.3.0"
source = { registry = "https://pypi.org/simple" }
dependencies = [
    { name = "attrs" },
    { name = "typing-extensions" },
]
sdist = { url = "https://files.pythonhosted.org/packages/6e/00/2432bb2d445b39b5407f0a90e01b9a271475eea7caf913d7a86bcb956385/cattrs-25.3.0.tar.gz", hash = "sha256:1ac88d9e5eda10436c4517e390a4142d88638fe682c436c93db7ce4a277b884a", size = 509321, upload-time = "2025-10-07T12:26:08.737Z" }
wheels = [
    { url = "https://files.pythonhosted.org/packages/d8/2b/a40e1488fdfa02d3f9a653a61a5935ea08b3c2225ee818db6a76c7ba9695/cattrs-25.3.0-py3-none-any.whl", hash = "sha256:9896e84e0a5bf723bc7b4b68f4481785367ce07a8a02e7e9ee6eb2819bc306ff", size = 70738, upload-time = "2025-10-07T12:26:06.603Z" },
]

[[package]]
name = "cdk-nag"
version = "2.37.55"
source = { registry = "https://pypi.org/simple" }
dependencies = [
    { name = "aws-cdk-lib" },
    { name = "constructs" },
    { name = "jsii" },
    { name = "publication" },
    { name = "typeguard" },
]
sdist = { url = "https://files.pythonhosted.org/packages/19/e0/b0e6b23a8efccb0970006a0e9bfa2953b6faa280598a1d1fd4ded7bf354a/cdk_nag-2.37.55.tar.gz", hash = "sha256:e9dc517070ef5a19deef95e79731e5624bd86cd07b56d210380408ea1314e47b", size = 761495, upload-time = "2025-10-17T00:18:46.424Z" }
wheels = [
    { url = "https://files.pythonhosted.org/packages/34/ad/7cf42fe81acf6f40016bc8359fe28efad002a7accb7cb535186a449c4c3a/cdk_nag-2.37.55-py3-none-any.whl", hash = "sha256:bf83bcdeb98ac20bb813cac291af121d91c5a296fa815e01f93886b4f8b38845", size = 755391, upload-time = "2025-10-17T00:18:45.135Z" },
]

[[package]]
name = "cdklabs-generative-ai-cdk-constructs"
version = "0.1.312"
source = { registry = "https://pypi.org/simple" }
dependencies = [
    { name = "aws-cdk-lib" },
    { name = "cdk-nag" },
    { name = "constructs" },
    { name = "jsii" },
    { name = "publication" },
    { name = "typeguard" },
]
sdist = { url = "https://files.pythonhosted.org/packages/68/ea/e56e6484c7d6e938d252fc6228863298791aac5252e1239577ba9040c885/cdklabs_generative_ai_cdk_constructs-0.1.312.tar.gz", hash = "sha256:e05df8f39601e73323f33c6128fc4c4f927dd05848005f7b970492c278a519d7", size = 2097036, upload-time = "2025-10-30T19:28:26.089Z" }
wheels = [
    { url = "https://files.pythonhosted.org/packages/7b/b6/a21e559a6003e6a1910fa0012572949e33c10569e11f6ec877042db81c2c/cdklabs_generative_ai_cdk_constructs-0.1.312-py3-none-any.whl", hash = "sha256:dbc4d17b772eb04438ea2fb1ac878d794c54ec30c82b6a1f2366b5707db0f052", size = 2128671, upload-time = "2025-10-30T19:28:24.145Z" },
]

[[package]]
name = "colorama"
version = "0.4.6"
source = { registry = "https://pypi.org/simple" }
sdist = { url = "https://files.pythonhosted.org/packages/d8/53/6f443c9a4a8358a93a6792e2acffb9d9d5cb0a5cfd8802644b7b1c9a02e4/colorama-0.4.6.tar.gz", hash = "sha256:08695f5cb7ed6e0531a20572697297273c47b8cae5a63ffc6d6ed5c201be6e44", size = 27697, upload-time = "2022-10-25T02:36:22.414Z" }
wheels = [
    { url = "https://files.pythonhosted.org/packages/d1/d6/3965ed04c63042e047cb6a3e6ed1a63a35087b6a609aa3a15ed8ac56c221/colorama-0.4.6-py2.py3-none-any.whl", hash = "sha256:4f1d9991f5acc0ca119f9d443620b77f9d6b33703e51011c16baf57afb285fc6", size = 25335, upload-time = "2022-10-25T02:36:20.889Z" },
]

[[package]]
name = "constructs"
version = "10.4.4"
source = { registry = "https://pypi.org/simple" }
dependencies = [
    { name = "jsii" },
    { name = "publication" },
    { name = "typeguard" },
]
sdist = { url = "https://files.pythonhosted.org/packages/df/af/c3660e98d20c74b833267193c8328788f976798603122af1cb24d2b823c8/constructs-10.4.4.tar.gz", hash = "sha256:50e9fa7bddbb09b5fc897b318f6316acccf2392850bbf45abc15438027528890", size = 64475, upload-time = "2025-12-11T10:06:12.526Z" }
wheels = [
    { url = "https://files.pythonhosted.org/packages/d9/69/c67feccfccf345b99e39a8fc9ba9ca3450d50227ff59cbb79c7998881ce3/constructs-10.4.4-py3-none-any.whl", hash = "sha256:7c160b149aa16360531c55a55eb1aaf973fa1949f35477c6bd4f3d6171d279e5", size = 62660, upload-time = "2025-12-11T10:06:11.073Z" },
]

[[package]]
name = "importlib-resources"
version = "6.5.2"
source = { registry = "https://pypi.org/simple" }
sdist = { url = "https://files.pythonhosted.org/packages/cf/8c/f834fbf984f691b4f7ff60f50b514cc3de5cc08abfc3295564dd89c5e2e7/importlib_resources-6.5.2.tar.gz", hash = "sha256:185f87adef5bcc288449d98fb4fba07cea78bc036455dd44c5fc4a2fe78fed2c", size = 44693, upload-time = "2025-01-03T18:51:56.698Z" }
wheels = [
    { url = "https://files.pythonhosted.org/packages/a4/ed/1f1afb2e9e7f38a545d628f864d562a5ae64fe6f7a10e28ffb9b185b4e89/importlib_resources-6.5.2-py3-none-any.whl", hash = "sha256:789cfdc3ed28c78b67a06acb8126751ced69a3d5f79c095a98298cd8a760ccec", size = 37461, upload-time = "2025-01-03T18:51:54.306Z" },
]

[[package]]
name = "iniconfig"
version = "2.3.0"
source = { registry = "https://pypi.org/simple" }
sdist = { url = "https://files.pythonhosted.org/packages/72/34/14ca021ce8e5dfedc35312d08ba8bf51fdd999c576889fc2c24cb97f4f10/iniconfig-2.3.0.tar.gz", hash = "sha256:c76315c77db068650d49c5b56314774a7804df16fee4402c1f19d6d15d8c4730", size = 20503, upload-time = "2025-10-18T21:55:43.219Z" }
wheels = [
    { url = "https://files.pythonhosted.org/packages/cb/b1/3846dd7f199d53cb17f49cba7e651e9ce294d8497c8c150530ed11865bb8/iniconfig-2.3.0-py3-none-any.whl", hash = "sha256:f631c04d2c48c52b84d0d0549c99ff3859c98df65b3101406327ecc7d53fbf12", size = 7484, upload-time = "2025-10-18T21:55:41.639Z" },
]

[[package]]
name = "jmespath"
version = "1.0.1"
source = { registry = "https://pypi.org/simple" }
sdist = { url = "https://files.pythonhosted.org/packages/00/2a/e867e8531cf3e36b41201936b7fa7ba7b5702dbef42922193f05c8976cd6/jmespath-1.0.1.tar.gz", hash = "sha256:90261b206d6defd58fdd5e85f478bf633a2901798906be2ad389150c5c60edbe", size = 25843, upload-time = "2022-06-17T18:00:12.224Z" }
wheels = [
    { url = "https://files.pythonhosted.org/packages/31/b4/b9b800c45527aadd64d5b442f9b932b00648617eb5d63d2c7a6587b7cafc/jmespath-1.0.1-py3-none-any.whl", hash = "sha256:02e2e4cc71b5bcab88332eebf907519190dd9e6e82107fa7f83b1003a6252980", size = 20256, upload-time = "2022-06-17T18:00:10.251Z" },
]

[[package]]
name = "jsii"
version = "1.122.0"
source = { registry = "https://pypi.org/simple" }
dependencies = [
    { name = "attrs" },
    { name = "cattrs" },
    { name = "importlib-resources" },
    { name = "publication" },
    { name = "python-dateutil" },
    { name = "typeguard" },
    { name = "typing-extensions" },
]
sdist = { url = "https://files.pythonhosted.org/packages/40/94/6b357f1bd799f25427a1e3d508f253c36b3cee86d89ce1db8a13d7b35d1a/jsii-1.122.0.tar.gz", hash = "sha256:f817d73a178532888c56e5dce1a4a9c87a015143d76b8e7067a5efd7a45c97cf", size = 625652, upload-time = "2025-12-22T15:30:39.076Z" }
wheels = [
    { url = "https://files.pythonhosted.org/packages/6d/75/d1446d4440e6e21ce53c422aa71223fd2e4f7138e9c4bef4f49bc679eb26/jsii-1.122.0-py3-none-any.whl", hash = "sha256:e0bfa9ff5d512d6719c989684b42120ec8601aee2b183c803d240dabc96a3f14", size = 601784, upload-time = "2025-12-22T15:30:37.376Z" },
]

[[package]]
name = "mypy-boto3-cloudformation"
version = "1.42.3"
source = { registry = "https://pypi.org/simple" }
sdist = { url = "https://files.pythonhosted.org/packages/4c/6a/5a56081f693680fae9a0cf5d04358a9c69b7c06fc36605192acfcc70da75/mypy_boto3_cloudformation-1.42.3.tar.gz", hash = "sha256:3bd3849bc89a371d4c368691535b320244ba00579cddd63bb58b73f28d70e510", size = 61118, upload-time = "2025-12-04T20:57:30.382Z" }
wheels = [
    { url = "https://files.pythonhosted.org/packages/76/4b/97b5a89b5c5ca057180901859a7cea1f163e1bef1e1ccff61a731b0db6a0/mypy_boto3_cloudformation-1.42.3-py3-none-any.whl", hash = "sha256:d4c802dd78844f10e944143b9f40c2c1199ed5f57f3540ab7bfc2281ac5bcaf0", size = 72126, upload-time = "2025-12-04T20:57:27.664Z" },
]

[[package]]
name = "mypy-boto3-iam"
version = "1.42.4"
source = { registry = "https://pypi.org/simple" }
sdist = { url = "https://files.pythonhosted.org/packages/3e/e9/60bf8a3179aaf415cb436bf9b4a909bc02bf129f8ba22acfdc131c52da82/mypy_boto3_iam-1.42.4.tar.gz", hash = "sha256:41b17d55f44d31ca5ef0389579505e65f6e79fae0423b98ff2581e83f6284bc5", size = 89298, upload-time = "2025-12-05T20:36:44.002Z" }
wheels = [
    { url = "https://files.pythonhosted.org/packages/e4/dc/f45a58170587527a501ce9e9bda0d042aebb0dbfacb40bca4cd80b24b764/mypy_boto3_iam-1.42.4-py3-none-any.whl", hash = "sha256:670ffeff6dee7eaa7f6f77ddfee1eeec2ab968b381efeddd3ccfe6f9971ac198", size = 94986, upload-time = "2025-12-05T20:36:40.105Z" },
]

[[package]]
name = "mypy-boto3-lambda"
version = "1.42.8"
source = { registry = "https://pypi.org/simple" }
sdist = { url = "https://files.pythonhosted.org/packages/85/b1/d80eed0b9ec23f6995610e215928e62db130bde9a3b4bba336714b1eae83/mypy_boto3_lambda-1.42.8.tar.gz", hash = "sha256:55deadbfaf0e5f118237831a84d35f48dc7164ce2bf7efdcb54f54aef4025602", size = 51742, upload-time = "2025-12-11T22:12:46.909Z" }
wheels = [
    { url = "https://files.pythonhosted.org/packages/ca/16/0cdb7af03c752146e603ea5cb2bac531f5099f3850bfee89f0806671d968/mypy_boto3_lambda-1.42.8-py3-none-any.whl", hash = "sha256:fbb6646138520c675a4c4adff334e830b010d5c077dee8d5187346809ebb6f72", size = 60081, upload-time = "2025-12-11T22:12:38.099Z" },
]

[[package]]
name = "mypy-boto3-s3"
version = "1.42.10"
source = { registry = "https://pypi.org/simple" }
sdist = { url = "https://files.pythonhosted.org/packages/1c/a5/b5c7cb526694a796bdc60903d0a6700f96cf03986c6bdf4cda7994c064ed/mypy_boto3_s3-1.42.10.tar.gz", hash = "sha256:9a4575124b500c29c023919f17b022e66109a56ba2318ef8aeab3d0dd2cd174e", size = 75989, upload-time = "2025-12-15T20:39:49.391Z" }
wheels = [
    { url = "https://files.pythonhosted.org/packages/8a/9d/2158d7d1ccdecff32b0f593c4ba058916d30a9568963328a46afbd665304/mypy_boto3_s3-1.42.10-py3-none-any.whl", hash = "sha256:e5f6fb51f215b30255ee076712032c6810b274a20062d5fa2ecd7816ac1a1274", size = 83165, upload-time = "2025-12-15T20:39:47.096Z" },
]

[[package]]
name = "packaging"
version = "25.0"
source = { registry = "https://pypi.org/simple" }
sdist = { url = "https://files.pythonhosted.org/packages/a1/d4/1fc4078c65507b51b96ca8f8c3ba19e6a61c8253c72794544580a7b6c24d/packaging-25.0.tar.gz", hash = "sha256:d443872c98d677bf60f6a1f2f8c1cb748e8fe762d2bf9d3148b5599295b0fc4f", size = 165727, upload-time = "2025-04-19T11:48:59.673Z" }
wheels = [
    { url = "https://files.pythonhosted.org/packages/20/12/38679034af332785aac8774540895e234f4d07f7545804097de4b666afd8/packaging-25.0-py3-none-any.whl", hash = "sha256:29572ef2b1f17581046b3a2227d5c611fb25ec70ca1ba8554b24b0e69331a484", size = 66469, upload-time = "2025-04-19T11:48:57.875Z" },
]

[[package]]
name = "pluggy"
version = "1.6.0"
source = { registry = "https://pypi.org/simple" }
sdist = { url = "https://files.pythonhosted.org/packages/f9/e2/3e91f31a7d2b083fe6ef3fa267035b518369d9511ffab804f839851d2779/pluggy-1.6.0.tar.gz", hash = "sha256:7dcc130b76258d33b90f61b658791dede3486c3e6bfb003ee5c9bfb396dd22f3", size = 69412, upload-time = "2025-05-15T12:30:07.975Z" }
wheels = [
    { url = "https://files.pythonhosted.org/packages/54/20/4d324d65cc6d9205fabedc306948156824eb9f0ee1633355a8f7ec5c66bf/pluggy-1.6.0-py3-none-any.whl", hash = "sha256:e920276dd6813095e9377c0bc5566d94c932c33b27a3e3945d8389c374dd4746", size = 20538, upload-time = "2025-05-15T12:30:06.134Z" },
]

[[package]]
name = "publication"
version = "0.0.3"
source = { registry = "https://pypi.org/simple" }
sdist = { url = "https://files.pythonhosted.org/packages/6b/8e/8c9fe7e32fdf9c386f83d59610cc819a25dadb874b5920f2d0ef7d35f46d/publication-0.0.3.tar.gz", hash = "sha256:68416a0de76dddcdd2930d1c8ef853a743cc96c82416c4e4d3b5d901c6276dc4", size = 5484, upload-time = "2019-01-15T07:52:23.914Z" }
wheels = [
    { url = "https://files.pythonhosted.org/packages/f8/d3/6308debad7afcdb3ea5f50b4b3d852f41eb566a311fbcb4da23755a28155/publication-0.0.3-py2.py3-none-any.whl", hash = "sha256:0248885351febc11d8a1098d5c8e3ab2dabcf3e8c0c96db1e17ecd12b53afbe6", size = 7687, upload-time = "2019-01-15T07:52:22.151Z" },
]

[[package]]
name = "pycodestyle"
version = "2.14.0"
source = { registry = "https://pypi.org/simple" }
sdist = { url = "https://files.pythonhosted.org/packages/11/e0/abfd2a0d2efe47670df87f3e3a0e2edda42f055053c85361f19c0e2c1ca8/pycodestyle-2.14.0.tar.gz", hash = "sha256:c4b5b517d278089ff9d0abdec919cd97262a3367449ea1c8b49b91529167b783", size = 39472, upload-time = "2025-06-20T18:49:48.75Z" }
wheels = [
    { url = "https://files.pythonhosted.org/packages/d7/27/a58ddaf8c588a3ef080db9d0b7e0b97215cee3a45df74f3a94dbbf5c893a/pycodestyle-2.14.0-py2.py3-none-any.whl", hash = "sha256:dd6bf7cb4ee77f8e016f9c8e74a35ddd9f67e1d5fd4184d86c3b98e07099f42d", size = 31594, upload-time = "2025-06-20T18:49:47.491Z" },
]

[[package]]
name = "pygments"
version = "2.20.0"
source = { registry = "https://pypi.org/simple" }
sdist = { url = "https://files.pythonhosted.org/packages/c3/b2/bc9c9196916376152d655522fdcebac55e66de6603a76a02bca1b6414f6c/pygments-2.20.0.tar.gz", hash = "sha256:6757cd03768053ff99f3039c1a36d6c0aa0b263438fcab17520b30a303a82b5f", size = 4955991, upload-time = "2026-03-29T13:29:33.898Z" }
wheels = [
    { url = "https://files.pythonhosted.org/packages/f4/7e/a72dd26f3b0f4f2bf1dd8923c85f7ceb43172af56d63c7383eb62b332364/pygments-2.20.0-py3-none-any.whl", hash = "sha256:81a9e26dd42fd28a23a2d169d86d7ac03b46e2f8b59ed4698fb4785f946d0176", size = 1231151, upload-time = "2026-03-29T13:29:30.038Z" },
]

[[package]]
name = "pytest"
version = "9.0.2"
source = { registry = "https://pypi.org/simple" }
dependencies = [
    { name = "colorama", marker = "sys_platform == 'win32'" },
    { name = "iniconfig" },
    { name = "packaging" },
    { name = "pluggy" },
    { name = "pygments" },
]
sdist = { url = "https://files.pythonhosted.org/packages/d1/db/7ef3487e0fb0049ddb5ce41d3a49c235bf9ad299b6a25d5780a89f19230f/pytest-9.0.2.tar.gz", hash = "sha256:75186651a92bd89611d1d9fc20f0b4345fd827c41ccd5c299a868a05d70edf11", size = 1568901, upload-time = "2025-12-06T21:30:51.014Z" }
wheels = [
    { url = "https://files.pythonhosted.org/packages/3b/ab/b3226f0bd7cdcf710fbede2b3548584366da3b19b5021e74f5bde2a8fa3f/pytest-9.0.2-py3-none-any.whl", hash = "sha256:711ffd45bf766d5264d487b917733b453d917afd2b0ad65223959f59089f875b", size = 374801, upload-time = "2025-12-06T21:30:49.154Z" },
]

[[package]]
name = "pytest-sugar"
version = "1.1.1"
source = { registry = "https://pypi.org/simple" }
dependencies = [
    { name = "pytest" },
    { name = "termcolor" },
]
sdist = { url = "https://files.pythonhosted.org/packages/0b/4e/60fed105549297ba1a700e1ea7b828044842ea27d72c898990510b79b0e2/pytest-sugar-1.1.1.tar.gz", hash = "sha256:73b8b65163ebf10f9f671efab9eed3d56f20d2ca68bda83fa64740a92c08f65d", size = 16533, upload-time = "2025-08-23T12:19:35.737Z" }
wheels = [
    { url = "https://files.pythonhosted.org/packages/87/d5/81d38a91c1fdafb6711f053f5a9b92ff788013b19821257c2c38c1e132df/pytest_sugar-1.1.1-py3-none-any.whl", hash = "sha256:2f8319b907548d5b9d03a171515c1d43d2e38e32bd8182a1781eb20b43344cc8", size = 11440, upload-time = "2025-08-23T12:19:34.894Z" },
]

[[package]]
name = "python-dateutil"
version = "2.9.0.post0"
source = { registry = "https://pypi.org/simple" }
dependencies = [
    { name = "six" },
]
sdist = { url = "https://files.pythonhosted.org/packages/66/c0/0c8b6ad9f17a802ee498c46e004a0eb49bc148f2fd230864601a86dcf6db/python-dateutil-2.9.0.post0.tar.gz", hash = "sha256:37dd54208da7e1cd875388217d5e00ebd4179249f90fb72437e91a35459a0ad3", size = 342432, upload-time = "2024-03-01T18:36:20.211Z" }
wheels = [
    { url = "https://files.pythonhosted.org/packages/ec/57/56b9bcc3c9c6a792fcbaf139543cee77261f3651ca9da0c93f5c1221264b/python_dateutil-2.9.0.post0-py2.py3-none-any.whl", hash = "sha256:a8b2bc7bffae282281c8140a97d3aa9c14da0b136dfe83f850eea9a5f7470427", size = 229892, upload-time = "2024-03-01T18:36:18.57Z" },
]

[[package]]
name = "python-dotenv"
version = "1.2.1"
source = { registry = "https://pypi.org/simple" }
sdist = { url = "https://files.pythonhosted.org/packages/f0/26/19cadc79a718c5edbec86fd4919a6b6d3f681039a2f6d66d14be94e75fb9/python_dotenv-1.2.1.tar.gz", hash = "sha256:42667e897e16ab0d66954af0e60a9caa94f0fd4ecf3aaf6d2d260eec1aa36ad6", size = 44221, upload-time = "2025-10-26T15:12:10.434Z" }
wheels = [
    { url = "https://files.pythonhosted.org/packages/14/1b/a298b06749107c305e1fe0f814c6c74aea7b2f1e10989cb30f544a1b3253/python_dotenv-1.2.1-py3-none-any.whl", hash = "sha256:b81ee9561e9ca4004139c6cbba3a238c32b03e4894671e181b671e8cb8425d61", size = 21230, upload-time = "2025-10-26T15:12:09.109Z" },
]

[[package]]
name = "ruff"
version = "0.14.10"
source = { registry = "https://pypi.org/simple" }
sdist = { url = "https://files.pythonhosted.org/packages/57/08/52232a877978dd8f9cf2aeddce3e611b40a63287dfca29b6b8da791f5e8d/ruff-0.14.10.tar.gz", hash = "sha256:9a2e830f075d1a42cd28420d7809ace390832a490ed0966fe373ba288e77aaf4", size = 5859763, upload-time = "2025-12-18T19:28:57.98Z" }
wheels = [
    { url = "https://files.pythonhosted.org/packages/60/01/933704d69f3f05ee16ef11406b78881733c186fe14b6a46b05cfcaf6d3b2/ruff-0.14.10-py3-none-linux_armv6l.whl", hash = "sha256:7a3ce585f2ade3e1f29ec1b92df13e3da262178df8c8bdf876f48fa0e8316c49", size = 13527080, upload-time = "2025-12-18T19:29:25.642Z" },
    { url = "https://files.pythonhosted.org/packages/df/58/a0349197a7dfa603ffb7f5b0470391efa79ddc327c1e29c4851e85b09cc5/ruff-0.14.10-py3-none-macosx_10_12_x86_64.whl", hash = "sha256:674f9be9372907f7257c51f1d4fc902cb7cf014b9980152b802794317941f08f", size = 13797320, upload-time = "2025-12-18T19:29:02.571Z" },
    { url = "https://files.pythonhosted.org/packages/7b/82/36be59f00a6082e38c23536df4e71cdbc6af8d7c707eade97fcad5c98235/ruff-0.14.10-py3-none-macosx_11_0_arm64.whl", hash = "sha256:d85713d522348837ef9df8efca33ccb8bd6fcfc86a2cde3ccb4bc9d28a18003d", size = 12918434, upload-time = "2025-12-18T19:28:51.202Z" },
    { url = "https://files.pythonhosted.org/packages/a6/00/45c62a7f7e34da92a25804f813ebe05c88aa9e0c25e5cb5a7d23dd7450e3/ruff-0.14.10-py3-none-manylinux_2_17_aarch64.manylinux2014_aarch64.whl", hash = "sha256:6987ebe0501ae4f4308d7d24e2d0fe3d7a98430f5adfd0f1fead050a740a3a77", size = 13371961, upload-time = "2025-12-18T19:29:04.991Z" },
    { url = "https://files.pythonhosted.org/packages/40/31/a5906d60f0405f7e57045a70f2d57084a93ca7425f22e1d66904769d1628/ruff-0.14.10-py3-none-manylinux_2_17_armv7l.manylinux2014_armv7l.whl", hash = "sha256:16a01dfb7b9e4eee556fbfd5392806b1b8550c9b4a9f6acd3dbe6812b193c70a", size = 13275629, upload-time = "2025-12-18T19:29:21.381Z" },
    { url = "https://files.pythonhosted.org/packages/3e/60/61c0087df21894cf9d928dc04bcd4fb10e8b2e8dca7b1a276ba2155b2002/ruff-0.14.10-py3-none-manylinux_2_17_i686.manylinux2014_i686.whl", hash = "sha256:7165d31a925b7a294465fa81be8c12a0e9b60fb02bf177e79067c867e71f8b1f", size = 14029234, upload-time = "2025-12-18T19:29:00.132Z" },
    { url = "https://files.pythonhosted.org/packages/44/84/77d911bee3b92348b6e5dab5a0c898d87084ea03ac5dc708f46d88407def/ruff-0.14.10-py3-none-manylinux_2_17_ppc64.manylinux2014_ppc64.whl", hash = "sha256:c561695675b972effb0c0a45db233f2c816ff3da8dcfbe7dfc7eed625f218935", size = 15449890, upload-time = "2025-12-18T19:28:53.573Z" },
    { url = "https://files.pythonhosted.org/packages/e9/36/480206eaefa24a7ec321582dda580443a8f0671fdbf6b1c80e9c3e93a16a/ruff-0.14.10-py3-none-manylinux_2_17_ppc64le.manylinux2014_ppc64le.whl", hash = "sha256:4bb98fcbbc61725968893682fd4df8966a34611239c9fd07a1f6a07e7103d08e", size = 15123172, upload-time = "2025-12-18T19:29:23.453Z" },
    { url = "https://files.pythonhosted.org/packages/5c/38/68e414156015ba80cef5473d57919d27dfb62ec804b96180bafdeaf0e090/ruff-0.14.10-py3-none-manylinux_2_17_s390x.manylinux2014_s390x.whl", hash = "sha256:f24b47993a9d8cb858429e97bdf8544c78029f09b520af615c1d261bf827001d", size = 14460260, upload-time = "2025-12-18T19:29:27.808Z" },
    { url = "https://files.pythonhosted.org/packages/b3/19/9e050c0dca8aba824d67cc0db69fb459c28d8cd3f6855b1405b3f29cc91d/ruff-0.14.10-py3-none-manylinux_2_17_x86_64.manylinux2014_x86_64.whl", hash = "sha256:59aabd2e2c4fd614d2862e7939c34a532c04f1084476d6833dddef4afab87e9f", size = 14229978, upload-time = "2025-12-18T19:29:11.32Z" },
    { url = "https://files.pythonhosted.org/packages/51/eb/e8dd1dd6e05b9e695aa9dd420f4577debdd0f87a5ff2fedda33c09e9be8c/ruff-0.14.10-py3-none-manylinux_2_31_riscv64.whl", hash = "sha256:213db2b2e44be8625002dbea33bb9c60c66ea2c07c084a00d55732689d697a7f", size = 14338036, upload-time = "2025-12-18T19:29:09.184Z" },
    { url = "https://files.pythonhosted.org/packages/6a/12/f3e3a505db7c19303b70af370d137795fcfec136d670d5de5391e295c134/ruff-0.14.10-py3-none-musllinux_1_2_aarch64.whl", hash = "sha256:b914c40ab64865a17a9a5b67911d14df72346a634527240039eb3bd650e5979d", size = 13264051, upload-time = "2025-12-18T19:29:13.431Z" },
    { url = "https://files.pythonhosted.org/packages/08/64/8c3a47eaccfef8ac20e0484e68e0772013eb85802f8a9f7603ca751eb166/ruff-0.14.10-py3-none-musllinux_1_2_armv7l.whl", hash = "sha256:1484983559f026788e3a5c07c81ef7d1e97c1c78ed03041a18f75df104c45405", size = 13283998, upload-time = "2025-12-18T19:29:06.994Z" },
    { url = "https://files.pythonhosted.org/packages/12/84/534a5506f4074e5cc0529e5cd96cfc01bb480e460c7edf5af70d2bcae55e/ruff-0.14.10-py3-none-musllinux_1_2_i686.whl", hash = "sha256:c70427132db492d25f982fffc8d6c7535cc2fd2c83fc8888f05caaa248521e60", size = 13601891, upload-time = "2025-12-18T19:28:55.811Z" },
    { url = "https://files.pythonhosted.org/packages/0d/1e/14c916087d8598917dbad9b2921d340f7884824ad6e9c55de948a93b106d/ruff-0.14.10-py3-none-musllinux_1_2_x86_64.whl", hash = "sha256:5bcf45b681e9f1ee6445d317ce1fa9d6cba9a6049542d1c3d5b5958986be8830", size = 14336660, upload-time = "2025-12-18T19:29:16.531Z" },
    { url = "https://files.pythonhosted.org/packages/f2/1c/d7b67ab43f30013b47c12b42d1acd354c195351a3f7a1d67f59e54227ede/ruff-0.14.10-py3-none-win32.whl", hash = "sha256:104c49fc7ab73f3f3a758039adea978869a918f31b73280db175b43a2d9b51d6", size = 13196187, upload-time = "2025-12-18T19:29:19.006Z" },
    { url = "https://files.pythonhosted.org/packages/fb/9c/896c862e13886fae2af961bef3e6312db9ebc6adc2b156fe95e615dee8c1/ruff-0.14.10-py3-none-win_amd64.whl", hash = "sha256:466297bd73638c6bdf06485683e812db1c00c7ac96d4ddd0294a338c62fdc154", size = 14661283, upload-time = "2025-12-18T19:29:30.16Z" },
    { url = "https://files.pythonhosted.org/packages/74/31/b0e29d572670dca3674eeee78e418f20bdf97fa8aa9ea71380885e175ca0/ruff-0.14.10-py3-none-win_arm64.whl", hash = "sha256:e51d046cf6dda98a4633b8a8a771451107413b0f07183b2bef03f075599e44e6", size = 13729839, upload-time = "2025-12-18T19:28:48.636Z" },
]

[[package]]
name = "s3transfer"
version = "0.16.0"
source = { registry = "https://pypi.org/simple" }
dependencies = [
    { name = "botocore" },
]
sdist = { url = "https://files.pythonhosted.org/packages/05/04/74127fc843314818edfa81b5540e26dd537353b123a4edc563109d8f17dd/s3transfer-0.16.0.tar.gz", hash = "sha256:8e990f13268025792229cd52fa10cb7163744bf56e719e0b9cb925ab79abf920", size = 153827, upload-time = "2025-12-01T02:30:59.114Z" }
wheels = [
    { url = "https://files.pythonhosted.org/packages/fc/51/727abb13f44c1fcf6d145979e1535a35794db0f6e450a0cb46aa24732fe2/s3transfer-0.16.0-py3-none-any.whl", hash = "sha256:18e25d66fed509e3868dc1572b3f427ff947dd2c56f844a5bf09481ad3f3b2fe", size = 86830, upload-time = "2025-12-01T02:30:57.729Z" },
]

[[package]]
name = "six"
version = "1.17.0"
source = { registry = "https://pypi.org/simple" }
sdist = { url = "https://files.pythonhosted.org/packages/94/e7/b2c673351809dca68a0e064b6af791aa332cf192da575fd474ed7d6f16a2/six-1.17.0.tar.gz", hash = "sha256:ff70335d468e7eb6ec65b95b99d3a2836546063f63acc5171de367e834932a81", size = 34031, upload-time = "2024-12-04T17:35:28.174Z" }
wheels = [
    { url = "https://files.pythonhosted.org/packages/b7/ce/149a00dd41f10bc29e5921b496af8b574d8413afcd5e30dfa0ed46c2cc5e/six-1.17.0-py2.py3-none-any.whl", hash = "sha256:4721f391ed90541fddacab5acf947aa0d3dc7d27b2e1e8eda2be8970586c3274", size = 11050, upload-time = "2024-12-04T17:35:26.475Z" },
]

[[package]]
name = "termcolor"
version = "3.2.0"
source = { registry = "https://pypi.org/simple" }
sdist = { url = "https://files.pythonhosted.org/packages/87/56/ab275c2b56a5e2342568838f0d5e3e66a32354adcc159b495e374cda43f5/termcolor-3.2.0.tar.gz", hash = "sha256:610e6456feec42c4bcd28934a8c87a06c3fa28b01561d46aa09a9881b8622c58", size = 14423, upload-time = "2025-10-25T19:11:42.586Z" }
wheels = [
    { url = "https://files.pythonhosted.org/packages/f9/d5/141f53d7c1eb2a80e6d3e9a390228c3222c27705cbe7f048d3623053f3ca/termcolor-3.2.0-py3-none-any.whl", hash = "sha256:a10343879eba4da819353c55cb8049b0933890c2ebf9ad5d3ecd2bb32ea96ea6", size = 7698, upload-time = "2025-10-25T19:11:41.536Z" },
]

[[package]]
name = "typeguard"
version = "2.13.3"
source = { registry = "https://pypi.org/simple" }
sdist = { url = "https://files.pythonhosted.org/packages/3a/38/c61bfcf62a7b572b5e9363a802ff92559cb427ee963048e1442e3aef7490/typeguard-2.13.3.tar.gz", hash = "sha256:00edaa8da3a133674796cf5ea87d9f4b4c367d77476e185e80251cc13dfbb8c4", size = 40604, upload-time = "2021-12-10T21:09:39.158Z" }
wheels = [
    { url = "https://files.pythonhosted.org/packages/9a/bb/d43e5c75054e53efce310e79d63df0ac3f25e34c926be5dffb7d283fb2a8/typeguard-2.13.3-py3-none-any.whl", hash = "sha256:5e3e3be01e887e7eafae5af63d1f36c849aaa94e3a0112097312aabfa16284f1", size = 17605, upload-time = "2021-12-10T21:09:37.844Z" },
]

[[package]]
name = "types-awscrt"
version = "0.30.0"
source = { registry = "https://pypi.org/simple" }
sdist = { url = "https://files.pythonhosted.org/packages/30/1f/febd2df22e24f77b759db0dd9ecdd7f07f055e6a4dbbb699c5eb34b617ef/types_awscrt-0.30.0.tar.gz", hash = "sha256:362fd8f5eaebcfcd922cb9fd8274fb375df550319f78031ee3779eac0b9ecc79", size = 17761, upload-time = "2025-12-12T01:55:59.626Z" }
wheels = [
    { url = "https://files.pythonhosted.org/packages/5b/5f/15999051fca2949a67562c3f80fae2dd5d3404a3f97b326b614533843281/types_awscrt-0.30.0-py3-none-any.whl", hash = "sha256:8204126e01a00eaa4a746e7a0076538ca0e4e3f52408adec0ab9b471bb0bb64b", size = 42392, upload-time = "2025-12-12T01:55:58.194Z" },
]

[[package]]
name = "types-s3transfer"
version = "0.16.0"
source = { registry = "https://pypi.org/simple" }
sdist = { url = "https://files.pythonhosted.org/packages/fe/64/42689150509eb3e6e82b33ee3d89045de1592488842ddf23c56957786d05/types_s3transfer-0.16.0.tar.gz", hash = "sha256:b4636472024c5e2b62278c5b759661efeb52a81851cde5f092f24100b1ecb443", size = 13557, upload-time = "2025-12-08T08:13:09.928Z" }
wheels = [
    { url = "https://files.pythonhosted.org/packages/98/27/e88220fe6274eccd3bdf95d9382918716d312f6f6cef6a46332d1ee2feff/types_s3transfer-0.16.0-py3-none-any.whl", hash = "sha256:1c0cd111ecf6e21437cb410f5cddb631bfb2263b77ad973e79b9c6d0cb24e0ef", size = 19247, upload-time = "2025-12-08T08:13:08.426Z" },
]

[[package]]
name = "typing-extensions"
version = "4.15.0"
source = { registry = "https://pypi.org/simple" }
sdist = { url = "https://files.pythonhosted.org/packages/72/94/1a15dd82efb362ac84269196e94cf00f187f7ed21c242792a923cdb1c61f/typing_extensions-4.15.0.tar.gz", hash = "sha256:0cea48d173cc12fa28ecabc3b837ea3cf6f38c6d1136f85cbaaf598984861466", size = 109391, upload-time = "2025-08-25T13:49:26.313Z" }
wheels = [
    { url = "https://files.pythonhosted.org/packages/18/67/36e9267722cc04a6b9f15c7f3441c2363321a3ea07da7ae0c0707beb2a9c/typing_extensions-4.15.0-py3-none-any.whl", hash = "sha256:f0fa19c6845758ab08074a0cfa8b7aecb71c999ca73d62883bc25cc018c4e548", size = 44614, upload-time = "2025-08-25T13:49:24.86Z" },
]

[[package]]
name = "urllib3"
version = "2.6.3"
source = { registry = "https://pypi.org/simple" }
sdist = { url = "https://files.pythonhosted.org/packages/c7/24/5f1b3bdffd70275f6661c76461e25f024d5a38a46f04aaca912426a2b1d3/urllib3-2.6.3.tar.gz", hash = "sha256:1b62b6884944a57dbe321509ab94fd4d3b307075e0c2eae991ac71ee15ad38ed", size = 435556, upload-time = "2026-01-07T16:24:43.925Z" }
wheels = [
    { url = "https://files.pythonhosted.org/packages/39/08/aaaad47bc4e9dc8c725e68f9d04865dbcb2052843ff09c97b08904852d84/urllib3-2.6.3-py3-none-any.whl", hash = "sha256:bf272323e553dfb2e87d9bfd225ca7b0f467b919d7bbd355436d3fd37cb0acd4", size = 131584, upload-time = "2026-01-07T16:24:42.685Z" },
]
